// !$*UTF8*$!
{
	archiveVersion = 1;
	classes = {
	};
	objectVersion = 48;
	objects = {

/* Begin PBXBuildFile section */
		2A35613C1FDCF496007EEEDC /* AppDelegate.swift in Sources */ = {isa = PBXBuildFile; fileRef = 2A35613B1FDCF496007EEEDC /* AppDelegate.swift */; };
		2A35613F1FDCF496007EEEDC /* w6d3_fetchedresultscontroller.xcdatamodeld in Sources */ = {isa = PBXBuildFile; fileRef = 2A35613D1FDCF496007EEEDC /* w6d3_fetchedresultscontroller.xcdatamodeld */; };
		2A3561411FDCF496007EEEDC /* MasterViewController.swift in Sources */ = {isa = PBXBuildFile; fileRef = 2A3561401FDCF496007EEEDC /* MasterViewController.swift */; };
		2A3561431FDCF496007EEEDC /* DetailViewController.swift in Sources */ = {isa = PBXBuildFile; fileRef = 2A3561421FDCF496007EEEDC /* DetailViewController.swift */; };
		2A3561461FDCF496007EEEDC /* Main.storyboard in Resources */ = {isa = PBXBuildFile; fileRef = 2A3561441FDCF496007EEEDC /* Main.storyboard */; };
		2A3561481FDCF496007EEEDC /* Assets.xcassets in Resources */ = {isa = PBXBuildFile; fileRef = 2A3561471FDCF496007EEEDC /* Assets.xcassets */; };
		2A35614B1FDCF496007EEEDC /* LaunchScreen.storyboard in Resources */ = {isa = PBXBuildFile; fileRef = 2A3561491FDCF496007EEEDC /* LaunchScreen.storyboard */; };
		2A3BA9C31FEB428200B29939 /* PerformanceDataModel.swift in Sources */ = {isa = PBXBuildFile; fileRef = 2A3BA9C21FEB428200B29939 /* PerformanceDataModel.swift */; };
/* End PBXBuildFile section */

/* Begin PBXFileReference section */
		2A3561381FDCF496007EEEDC /* w6d5-ui-performance-testing.app */ = {isa = PBXFileReference; explicitFileType = wrapper.application; includeInIndex = 0; path = "w6d5-ui-performance-testing.app"; sourceTree = BUILT_PRODUCTS_DIR; };
		2A35613B1FDCF496007EEEDC /* AppDelegate.swift */ = {isa = PBXFileReference; lastKnownFileType = sourcecode.swift; path = AppDelegate.swift; sourceTree = "<group>"; };
		2A35613E1FDCF496007EEEDC /* w6d3_fetchedresultscontroller.xcdatamodel */ = {isa = PBXFileReference; lastKnownFileType = wrapper.xcdatamodel; path = w6d3_fetchedresultscontroller.xcdatamodel; sourceTree = "<group>"; };
		2A3561401FDCF496007EEEDC /* MasterViewController.swift */ = {isa = PBXFileReference; lastKnownFileType = sourcecode.swift; path = MasterViewController.swift; sourceTree = "<group>"; };
		2A3561421FDCF496007EEEDC /* DetailViewController.swift */ = {isa = PBXFileReference; lastKnownFileType = sourcecode.swift; path = DetailViewController.swift; sourceTree = "<group>"; };
		2A3561451FDCF496007EEEDC /* Base */ = {isa = PBXFileReference; lastKnownFileType = file.storyboard; name = Base; path = Base.lproj/Main.storyboard; sourceTree = "<group>"; };
		2A3561471FDCF496007EEEDC /* Assets.xcassets */ = {isa = PBXFileReference; lastKnownFileType = folder.assetcatalog; path = Assets.xcassets; sourceTree = "<group>"; };
		2A35614A1FDCF496007EEEDC /* Base */ = {isa = PBXFileReference; lastKnownFileType = file.storyboard; name = Base; path = Base.lproj/LaunchScreen.storyboard; sourceTree = "<group>"; };
		2A35614C1FDCF496007EEEDC /* Info.plist */ = {isa = PBXFileReference; lastKnownFileType = text.plist.xml; path = Info.plist; sourceTree = "<group>"; };
		2A3BA9C21FEB428200B29939 /* PerformanceDataModel.swift */ = {isa = PBXFileReference; lastKnownFileType = sourcecode.swift; path = PerformanceDataModel.swift; sourceTree = "<group>"; };
/* End PBXFileReference section */

/* Begin PBXFrameworksBuildPhase section */
		2A3561351FDCF496007EEEDC /* Frameworks */ = {
			isa = PBXFrameworksBuildPhase;
			buildActionMask = 2147483647;
			files = (
			);
			runOnlyForDeploymentPostprocessing = 0;
		};
/* End PBXFrameworksBuildPhase section */

/* Begin PBXGroup section */
		2A35612F1FDCF496007EEEDC = {
			isa = PBXGroup;
			children = (
				2A35613A1FDCF496007EEEDC /* w6d5-ui-performance-testing */,
				2A3561391FDCF496007EEEDC /* Products */,
			);
			sourceTree = "<group>";
		};
		2A3561391FDCF496007EEEDC /* Products */ = {
			isa = PBXGroup;
			children = (
				2A3561381FDCF496007EEEDC /* w6d5-ui-performance-testing.app */,
			);
			name = Products;
			sourceTree = "<group>";
		};
		2A35613A1FDCF496007EEEDC /* w6d5-ui-performance-testing */ = {
			isa = PBXGroup;
			children = (
				2A35613B1FDCF496007EEEDC /* AppDelegate.swift */,
				2A3561401FDCF496007EEEDC /* MasterViewController.swift */,
				2A3561421FDCF496007EEEDC /* DetailViewController.swift */,
				2A3BA9C21FEB428200B29939 /* PerformanceDataModel.swift */,
				2A3561441FDCF496007EEEDC /* Main.storyboard */,
				2A3561471FDCF496007EEEDC /* Assets.xcassets */,
				2A3561491FDCF496007EEEDC /* LaunchScreen.storyboard */,
				2A35614C1FDCF496007EEEDC /* Info.plist */,
				2A35613D1FDCF496007EEEDC /* w6d3_fetchedresultscontroller.xcdatamodeld */,
			);
			path = "w6d5-ui-performance-testing";
			sourceTree = "<group>";
		};
/* End PBXGroup section */

/* Begin PBXNativeTarget section */
		2A3561371FDCF496007EEEDC /* w6d5-ui-performance-testing */ = {
			isa = PBXNativeTarget;
			buildConfigurationList = 2A35614F1FDCF496007EEEDC /* Build configuration list for PBXNativeTarget "w6d5-ui-performance-testing" */;
			buildPhases = (
				2A3561341FDCF496007EEEDC /* Sources */,
				2A3561351FDCF496007EEEDC /* Frameworks */,
				2A3561361FDCF496007EEEDC /* Resources */,
			);
			buildRules = (
			);
			dependencies = (
			);
			name = "w6d5-ui-performance-testing";
			productName = "w6d3-fetchedresultscontroller";
			productReference = 2A3561381FDCF496007EEEDC /* w6d5-ui-performance-testing.app */;
			productType = "com.apple.product-type.application";
		};
/* End PBXNativeTarget section */

/* Begin PBXProject section */
		2A3561301FDCF496007EEEDC /* Project object */ = {
			isa = PBXProject;
			attributes = {
				LastSwiftUpdateCheck = 0910;
				LastUpgradeCheck = 0910;
				ORGANIZATIONNAME = Roland;
				TargetAttributes = {
					2A3561371FDCF496007EEEDC = {
						CreatedOnToolsVersion = 9.1;
						ProvisioningStyle = Automatic;
					};
				};
			};
			buildConfigurationList = 2A3561331FDCF496007EEEDC /* Build configuration list for PBXProject "w6d5-ui-performance-testing" */;
			compatibilityVersion = "Xcode 8.0";
			developmentRegion = en;
			hasScannedForEncodings = 0;
			knownRegions = (
				en,
				Base,
			);
			mainGroup = 2A35612F1FDCF496007EEEDC;
			productRefGroup = 2A3561391FDCF496007EEEDC /* Products */;
			projectDirPath = "";
			projectRoot = "";
			targets = (
				2A3561371FDCF496007EEEDC /* w6d5-ui-performance-testing */,
			);
		};
/* End PBXProject section */

/* Begin PBXResourcesBuildPhase section */
		2A3561361FDCF496007EEEDC /* Resources */ = {
			isa = PBXResourcesBuildPhase;
			buildActionMask = 2147483647;
			files = (
				2A35614B1FDCF496007EEEDC /* LaunchScreen.storyboard in Resources */,
				2A3561481FDCF496007EEEDC /* Assets.xcassets in Resources */,
				2A3561461FDCF496007EEEDC /* Main.storyboard in Resources */,
			);
			runOnlyForDeploymentPostprocessing = 0;
		};
/* End PBXResourcesBuildPhase section */

/* Begin PBXSourcesBuildPhase section */
		2A3561341FDCF496007EEEDC /* Sources */ = {
			isa = PBXSourcesBuildPhase;
			buildActionMask = 2147483647;
			files = (
				2A35613F1FDCF496007EEEDC /* w6d3_fetchedresultscontroller.xcdatamodeld in Sources */,
				2A3BA9C31FEB428200B29939 /* PerformanceDataModel.swift in Sources */,
				2A35613C1FDCF496007EEEDC /* AppDelegate.swift in Sources */,
				2A3561411FDCF496007EEEDC /* MasterViewController.swift in Sources */,
				2A3561431FDCF496007EEEDC /* DetailViewController.swift in Sources */,
			);
			runOnlyForDeploymentPostprocessing = 0;
		};
/* End PBXSourcesBuildPhase section */

/* Begin PBXVariantGroup section */
		2A3561441FDCF496007EEEDC /* Main.storyboard */ = {
			isa = PBXVariantGroup;
			children = (
				2A3561451FDCF496007EEEDC /* Base */,
			);
			name = Main.storyboard;
			sourceTree = "<group>";
		};
		2A3561491FDCF496007EEEDC /* LaunchScreen.storyboard */ = {
			isa = PBXVariantGroup;
			children = (
				2A35614A1FDCF496007EEEDC /* Base */,
			);
			name = LaunchScreen.storyboard;
			sourceTree = "<group>";
		};
/* End PBXVariantGroup section */

/* Begin XCBuildConfiguration section */
		2A35614D1FDCF496007EEEDC /* Debug */ = {
			isa = XCBuildConfiguration;
			buildSettings = {
				ALWAYS_SEARCH_USER_PATHS = NO;
				CLANG_ANALYZER_NONNULL = YES;
				CLANG_ANALYZER_NUMBER_OBJECT_CONVERSION = YES_AGGRESSIVE;
				CLANG_CXX_LANGUAGE_STANDARD = "gnu++14";
				CLANG_CXX_LIBRARY = "libc++";
				CLANG_ENABLE_MODULES = YES;
				CLANG_ENABLE_OBJC_ARC = YES;
				CLANG_WARN_BLOCK_CAPTURE_AUTORELEASING = YES;
				CLANG_WARN_BOOL_CONVERSION = YES;
				CLANG_WARN_COMMA = YES;
				CLANG_WARN_CONSTANT_CONVERSION = YES;
				CLANG_WARN_DIRECT_OBJC_ISA_USAGE = YES_ERROR;
				CLANG_WARN_DOCUMENTATION_COMMENTS = YES;
				CLANG_WARN_EMPTY_BODY = YES;
				CLANG_WARN_ENUM_CONVERSION = YES;
				CLANG_WARN_INFINITE_RECURSION = YES;
				CLANG_WARN_INT_CONVERSION = YES;
				CLANG_WARN_NON_LITERAL_NULL_CONVERSION = YES;
				CLANG_WARN_OBJC_LITERAL_CONVERSION = YES;
				CLANG_WARN_OBJC_ROOT_CLASS = YES_ERROR;
				CLANG_WARN_RANGE_LOOP_ANALYSIS = YES;
				CLANG_WARN_STRICT_PROTOTYPES = YES;
				CLANG_WARN_SUSPICIOUS_MOVE = YES;
				CLANG_WARN_UNGUARDED_AVAILABILITY = YES_AGGRESSIVE;
				CLANG_WARN_UNREACHABLE_CODE = YES;
				CLANG_WARN__DUPLICATE_METHOD_MATCH = YES;
				CODE_SIGN_IDENTITY = "iPhone Developer";
				COPY_PHASE_STRIP = NO;
				DEBUG_INFORMATION_FORMAT = dwarf;
				ENABLE_STRICT_OBJC_MSGSEND = YES;
				ENABLE_TESTABILITY = YES;
				GCC_C_LANGUAGE_STANDARD = gnu11;
				GCC_DYNAMIC_NO_PIC = NO;
				GCC_NO_COMMON_BLOCKS = YES;
				GCC_OPTIMIZATION_LEVEL = 0;
				GCC_PREPROCESSOR_DEFINITIONS = (
					"DEBUG=1",
					"$(inherited)",
				);
				GCC_WARN_64_TO_32_BIT_CONVERSION = YES;
				GCC_WARN_ABOUT_RETURN_TYPE = YES_ERROR;
				GCC_WARN_UNDECLARED_SELECTOR = YES;
				GCC_WARN_UNINITIALIZED_AUTOS = YES_AGGRESSIVE;
				GCC_WARN_UNUSED_FUNCTION = YES;
				GCC_WARN_UNUSED_VARIABLE = YES;
				IPHONEOS_DEPLOYMENT_TARGET = 11.1;
				MTL_ENABLE_DEBUG_INFO = YES;
				ONLY_ACTIVE_ARCH = YES;
				SDKROOT = iphoneos;
				SWIFT_ACTIVE_COMPILATION_CONDITIONS = DEBUG;
				SWIFT_OPTIMIZATION_LEVEL = "-Onone";
			};
			name = Debug;
		};
		2A35614E1FDCF496007EEEDC /* Release */ = {
			isa = XCBuildConfiguration;
			buildSettings = {
				ALWAYS_SEARCH_USER_PATHS = NO;
				CLANG_ANALYZER_NONNULL = YES;
				CLANG_ANALYZER_NUMBER_OBJECT_CONVERSION = YES_AGGRESSIVE;
				CLANG_CXX_LANGUAGE_STANDARD = "gnu++14";
				CLANG_CXX_LIBRARY = "libc++";
				CLANG_ENABLE_MODULES = YES;
				CLANG_ENABLE_OBJC_ARC = YES;
				CLANG_WARN_BLOCK_CAPTURE_AUTORELEASING = YES;
				CLANG_WARN_BOOL_CONVERSION = YES;
				CLANG_WARN_COMMA = YES;
				CLANG_WARN_CONSTANT_CONVERSION = YES;
				CLANG_WARN_DIRECT_OBJC_ISA_USAGE = YES_ERROR;
				CLANG_WARN_DOCUMENTATION_COMMENTS = YES;
				CLANG_WARN_EMPTY_BODY = YES;
				CLANG_WARN_ENUM_CONVERSION = YES;
				CLANG_WARN_INFINITE_RECURSION = YES;
				CLANG_WARN_INT_CONVERSION = YES;
				CLANG_WARN_NON_LITERAL_NULL_CONVERSION = YES;
				CLANG_WARN_OBJC_LITERAL_CONVERSION = YES;
				CLANG_WARN_OBJC_ROOT_CLASS = YES_ERROR;
				CLANG_WARN_RANGE_LOOP_ANALYSIS = YES;
				CLANG_WARN_STRICT_PROTOTYPES = YES;
				CLANG_WARN_SUSPICIOUS_MOVE = YES;
				CLANG_WARN_UNGUARDED_AVAILABILITY = YES_AGGRESSIVE;
				CLANG_WARN_UNREACHABLE_CODE = YES;
				CLANG_WARN__DUPLICATE_METHOD_MATCH = YES;
				CODE_SIGN_IDENTITY = "iPhone Developer";
				COPY_PHASE_STRIP = NO;
				DEBUG_INFORMATION_FORMAT = "dwarf-with-dsym";
				ENABLE_NS_ASSERTIONS = NO;
				ENABLE_STRICT_OBJC_MSGSEND = YES;
				GCC_C_LANGUAGE_STANDARD = gnu11;
				GCC_NO_COMMON_BLOCKS = YES;
				GCC_WARN_64_TO_32_BIT_CONVERSION = YES;
				GCC_WARN_ABOUT_RETURN_TYPE = YES_ERROR;
				GCC_WARN_UNDECLARED_SELECTOR = YES;
				GCC_WARN_UNINITIALIZED_AUTOS = YES_AGGRESSIVE;
				GCC_WARN_UNUSED_FUNCTION = YES;
				GCC_WARN_UNUSED_VARIABLE = YES;
				IPHONEOS_DEPLOYMENT_TARGET = 11.1;
				MTL_ENABLE_DEBUG_INFO = NO;
				SDKROOT = iphoneos;
				SWIFT_OPTIMIZATION_LEVEL = "-Owholemodule";
				VALIDATE_PRODUCT = YES;
			};
			name = Release;
		};
		2A3561501FDCF496007EEEDC /* Debug */ = {
			isa = XCBuildConfiguration;
			buildSettings = {
				ASSETCATALOG_COMPILER_APPICON_NAME = AppIcon;
				CODE_SIGN_STYLE = Automatic;
				DEVELOPMENT_TEAM = Q9N5PH89AB;
				INFOPLIST_FILE = "w6d5-ui-performance-testing/Info.plist";
				LD_RUNPATH_SEARCH_PATHS = "$(inherited) @executable_path/Frameworks";
				PRODUCT_BUNDLE_IDENTIFIER = "com.lighthouselabs.w6d5-ui-performance-testing";
				PRODUCT_NAME = "$(TARGET_NAME)";
				SWIFT_VERSION = 4.0;
				TARGETED_DEVICE_FAMILY = "1,2";
			};
			name = Debug;
		};
		2A3561511FDCF496007EEEDC /* Release */ = {
			isa = XCBuildConfiguration;
			buildSettings = {
				ASSETCATALOG_COMPILER_APPICON_NAME = AppIcon;
				CODE_SIGN_STYLE = Automatic;
				DEVELOPMENT_TEAM = Q9N5PH89AB;
				INFOPLIST_FILE = "w6d5-ui-performance-testing/Info.plist";
				LD_RUNPATH_SEARCH_PATHS = "$(inherited) @executable_path/Frameworks";
				PRODUCT_BUNDLE_IDENTIFIER = "com.lighthouselabs.w6d5-ui-performance-testing";
				PRODUCT_NAME = "$(TARGET_NAME)";
				SWIFT_VERSION = 4.0;
				TARGETED_DEVICE_FAMILY = "1,2";
			};
			name = Release;
		};
/* End XCBuildConfiguration section */

/* Begin XCConfigurationList section */
		2A3561331FDCF496007EEEDC /* Build configuration list for PBXProject "w6d5-ui-performance-testing" */ = {
			isa = XCConfigurationList;
			buildConfigurations = (
				2A35614D1FDCF496007EEEDC /* Debug */,
				2A35614E1FDCF496007EEEDC /* Release */,
			);
			defaultConfigurationIsVisible = 0;
			defaultConfigurationName = Release;
		};
		2A35614F1FDCF496007EEEDC /* Build configuration list for PBXNativeTarget "w6d5-ui-performance-testing" */ = {
			isa = XCConfigurationList;
			buildConfigurations = (
				2A3561501FDCF496007EEEDC /* Debug */,
				2A3561511FDCF496007EEEDC /* Release */,
			);
			defaultConfigurationIsVisible = 0;
			defaultConfigurationName = Release;
		};
/* End XCConfigurationList section */

/* Begin XCVersionGroup section */
		2A35613D1FDCF496007EEEDC /* w6d3_fetchedresultscontroller.xcdatamodeld */ = {
			isa = XCVersionGroup;
			children = (
				2A35613E1FDCF496007EEEDC /* w6d3_fetchedresultscontroller.xcdatamodel */,
			);
			currentVersion = 2A35613E1FDCF496007EEEDC /* w6d3_fetchedresultscontroller.xcdatamodel */;
			path = w6d3_fetchedresultscontroller.xcdatamodeld;
			sourceTree = "<group>";
			versionGroupType = wrapper.xcdatamodel;
		};
/* End XCVersionGroup section */
	};
	rootObject = 2A3561301FDCF496007EEEDC /* Project object */;
}
